// !$*UTF8*$!
{
	archiveVersion = 1;
	classes = {
	};
	objectVersion = 46;
	objects = {

/* Begin PBXBuildFile section */
		961609881D33A211007027BE /* main.m in Sources */ = {isa = PBXBuildFile; fileRef = 961609871D33A211007027BE /* main.m */; };
		9616098B1D33A211007027BE /* AppDelegate.m in Sources */ = {isa = PBXBuildFile; fileRef = 9616098A1D33A211007027BE /* AppDelegate.m */; };
		9616098E1D33A211007027BE /* ViewController.m in Sources */ = {isa = PBXBuildFile; fileRef = 9616098D1D33A211007027BE /* ViewController.m */; };
		961609911D33A211007027BE /* Main.storyboard in Resources */ = {isa = PBXBuildFile; fileRef = 9616098F1D33A211007027BE /* Main.storyboard */; };
		961609931D33A211007027BE /* Assets.xcassets in Resources */ = {isa = PBXBuildFile; fileRef = 961609921D33A211007027BE /* Assets.xcassets */; };
		961609961D33A211007027BE /* LaunchScreen.storyboard in Resources */ = {isa = PBXBuildFile; fileRef = 961609941D33A211007027BE /* LaunchScreen.storyboard */; };
		961609A11D33A212007027BE /* WJPromptLabelTests.m in Sources */ = {isa = PBXBuildFile; fileRef = 961609A01D33A212007027BE /* WJPromptLabelTests.m */; };
		961609AC1D33A212007027BE /* WJPromptLabelUITests.m in Sources */ = {isa = PBXBuildFile; fileRef = 961609AB1D33A212007027BE /* WJPromptLabelUITests.m */; };
		961609BB1D33A231007027BE /* WJPromptLabel.m in Sources */ = {isa = PBXBuildFile; fileRef = 961609BA1D33A231007027BE /* WJPromptLabel.m */; };
/* End PBXBuildFile section */

/* Begin PBXContainerItemProxy section */
		9616099D1D33A212007027BE /* PBXContainerItemProxy */ = {
			isa = PBXContainerItemProxy;
			containerPortal = 9616097B1D33A211007027BE /* Project object */;
			proxyType = 1;
			remoteGlobalIDString = 961609821D33A211007027BE;
			remoteInfo = WJPromptLabel;
		};
		961609A81D33A212007027BE /* PBXContainerItemProxy */ = {
			isa = PBXContainerItemProxy;
			containerPortal = 9616097B1D33A211007027BE /* Project object */;
			proxyType = 1;
			remoteGlobalIDString = 961609821D33A211007027BE;
			remoteInfo = WJPromptLabel;
		};
/* End PBXContainerItemProxy section */

/* Begin PBXFileReference section */
		961609831D33A211007027BE /* WJPromptLabel.app */ = {isa = PBXFileReference; explicitFileType = wrapper.application; includeInIndex = 0; path = WJPromptLabel.app; sourceTree = BUILT_PRODUCTS_DIR; };
		961609871D33A211007027BE /* main.m */ = {isa = PBXFileReference; lastKnownFileType = sourcecode.c.objc; path = main.m; sourceTree = "<group>"; };
		961609891D33A211007027BE /* AppDelegate.h */ = {isa = PBXFileReference; lastKnownFileType = sourcecode.c.h; path = AppDelegate.h; sourceTree = "<group>"; };
		9616098A1D33A211007027BE /* AppDelegate.m */ = {isa = PBXFileReference; lastKnownFileType = sourcecode.c.objc; path = AppDelegate.m; sourceTree = "<group>"; };
		9616098C1D33A211007027BE /* ViewController.h */ = {isa = PBXFileReference; lastKnownFileType = sourcecode.c.h; path = ViewController.h; sourceTree = "<group>"; };
		9616098D1D33A211007027BE /* ViewController.m */ = {isa = PBXFileReference; lastKnownFileType = sourcecode.c.objc; path = ViewController.m; sourceTree = "<group>"; };
		961609901D33A211007027BE /* Base */ = {isa = PBXFileReference; lastKnownFileType = file.storyboard; name = Base; path = Base.lproj/Main.storyboard; sourceTree = "<group>"; };
		961609921D33A211007027BE /* Assets.xcassets */ = {isa = PBXFileReference; lastKnownFileType = folder.assetcatalog; path = Assets.xcassets; sourceTree = "<group>"; };
		961609951D33A211007027BE /* Base */ = {isa = PBXFileReference; lastKnownFileType = file.storyboard; name = Base; path = Base.lproj/LaunchScreen.storyboard; sourceTree = "<group>"; };
		961609971D33A211007027BE /* Info.plist */ = {isa = PBXFileReference; lastKnownFileType = text.plist.xml; path = Info.plist; sourceTree = "<group>"; };
		9616099C1D33A212007027BE /* WJPromptLabelTests.xctest */ = {isa = PBXFileReference; explicitFileType = wrapper.cfbundle; includeInIndex = 0; path = WJPromptLabelTests.xctest; sourceTree = BUILT_PRODUCTS_DIR; };
		961609A01D33A212007027BE /* WJPromptLabelTests.m */ = {isa = PBXFileReference; lastKnownFileType = sourcecode.c.objc; path = WJPromptLabelTests.m; sourceTree = "<group>"; };
		961609A21D33A212007027BE /* Info.plist */ = {isa = PBXFileReference; lastKnownFileType = text.plist.xml; path = Info.plist; sourceTree = "<group>"; };
		961609A71D33A212007027BE /* WJPromptLabelUITests.xctest */ = {isa = PBXFileReference; explicitFileType = wrapper.cfbundle; includeInIndex = 0; path = WJPromptLabelUITests.xctest; sourceTree = BUILT_PRODUCTS_DIR; };
		961609AB1D33A212007027BE /* WJPromptLabelUITests.m */ = {isa = PBXFileReference; lastKnownFileType = sourcecode.c.objc; path = WJPromptLabelUITests.m; sourceTree = "<group>"; };
		961609AD1D33A212007027BE /* Info.plist */ = {isa = PBXFileReference; lastKnownFileType = text.plist.xml; path = Info.plist; sourceTree = "<group>"; };
		961609B91D33A231007027BE /* WJPromptLabel.h */ = {isa = PBXFileReference; fileEncoding = 4; lastKnownFileType = sourcecode.c.h; path = WJPromptLabel.h; sourceTree = "<group>"; };
		961609BA1D33A231007027BE /* WJPromptLabel.m */ = {isa = PBXFileReference; fileEncoding = 4; lastKnownFileType = sourcecode.c.objc; path = WJPromptLabel.m; sourceTree = "<group>"; };
/* End PBXFileReference section */

/* Begin PBXFrameworksBuildPhase section */
		961609801D33A211007027BE /* Frameworks */ = {
			isa = PBXFrameworksBuildPhase;
			buildActionMask = 2147483647;
			files = (
			);
			runOnlyForDeploymentPostprocessing = 0;
		};
		961609991D33A212007027BE /* Frameworks */ = {
			isa = PBXFrameworksBuildPhase;
			buildActionMask = 2147483647;
			files = (
			);
			runOnlyForDeploymentPostprocessing = 0;
		};
		961609A41D33A212007027BE /* Frameworks */ = {
			isa = PBXFrameworksBuildPhase;
			buildActionMask = 2147483647;
			files = (
			);
			runOnlyForDeploymentPostprocessing = 0;
		};
/* End PBXFrameworksBuildPhase section */

/* Begin PBXGroup section */
		9616097A1D33A211007027BE = {
			isa = PBXGroup;
			children = (
				961609851D33A211007027BE /* WJPromptLabel */,
				9616099F1D33A212007027BE /* WJPromptLabelTests */,
				961609AA1D33A212007027BE /* WJPromptLabelUITests */,
				961609841D33A211007027BE /* Products */,
			);
			sourceTree = "<group>";
		};
		961609841D33A211007027BE /* Products */ = {
			isa = PBXGroup;
			children = (
				961609831D33A211007027BE /* WJPromptLabel.app */,
				9616099C1D33A212007027BE /* WJPromptLabelTests.xctest */,
				961609A71D33A212007027BE /* WJPromptLabelUITests.xctest */,
			);
			name = Products;
			sourceTree = "<group>";
		};
		961609851D33A211007027BE /* WJPromptLabel */ = {
			isa = PBXGroup;
			children = (
				961609B91D33A231007027BE /* WJPromptLabel.h */,
				961609BA1D33A231007027BE /* WJPromptLabel.m */,
				961609891D33A211007027BE /* AppDelegate.h */,
				9616098A1D33A211007027BE /* AppDelegate.m */,
				9616098C1D33A211007027BE /* ViewController.h */,
				9616098D1D33A211007027BE /* ViewController.m */,
				9616098F1D33A211007027BE /* Main.storyboard */,
				961609921D33A211007027BE /* Assets.xcassets */,
				961609941D33A211007027BE /* LaunchScreen.storyboard */,
				961609971D33A211007027BE /* Info.plist */,
				961609861D33A211007027BE /* Supporting Files */,
			);
			path = WJPromptLabel;
			sourceTree = "<group>";
		};
		961609861D33A211007027BE /* Supporting Files */ = {
			isa = PBXGroup;
			children = (
				961609871D33A211007027BE /* main.m */,
			);
			name = "Supporting Files";
			sourceTree = "<group>";
		};
		9616099F1D33A212007027BE /* WJPromptLabelTests */ = {
			isa = PBXGroup;
			children = (
				961609A01D33A212007027BE /* WJPromptLabelTests.m */,
				961609A21D33A212007027BE /* Info.plist */,
			);
			path = WJPromptLabelTests;
			sourceTree = "<group>";
		};
		961609AA1D33A212007027BE /* WJPromptLabelUITests */ = {
			isa = PBXGroup;
			children = (
				961609AB1D33A212007027BE /* WJPromptLabelUITests.m */,
				961609AD1D33A212007027BE /* Info.plist */,
			);
			path = WJPromptLabelUITests;
			sourceTree = "<group>";
		};
/* End PBXGroup section */

/* Begin PBXNativeTarget section */
		961609821D33A211007027BE /* WJPromptLabel */ = {
			isa = PBXNativeTarget;
			buildConfigurationList = 961609B01D33A212007027BE /* Build configuration list for PBXNativeTarget "WJPromptLabel" */;
			buildPhases = (
				9616097F1D33A211007027BE /* Sources */,
				961609801D33A211007027BE /* Frameworks */,
				961609811D33A211007027BE /* Resources */,
			);
			buildRules = (
			);
			dependencies = (
			);
			name = WJPromptLabel;
			productName = WJPromptLabel;
			productReference = 961609831D33A211007027BE /* WJPromptLabel.app */;
			productType = "com.apple.product-type.application";
		};
		9616099B1D33A212007027BE /* WJPromptLabelTests */ = {
			isa = PBXNativeTarget;
			buildConfigurationList = 961609B31D33A212007027BE /* Build configuration list for PBXNativeTarget "WJPromptLabelTests" */;
			buildPhases = (
				961609981D33A212007027BE /* Sources */,
				961609991D33A212007027BE /* Frameworks */,
				9616099A1D33A212007027BE /* Resources */,
			);
			buildRules = (
			);
			dependencies = (
				9616099E1D33A212007027BE /* PBXTargetDependency */,
			);
			name = WJPromptLabelTests;
			productName = WJPromptLabelTests;
			productReference = 9616099C1D33A212007027BE /* WJPromptLabelTests.xctest */;
			productType = "com.apple.product-type.bundle.unit-test";
		};
		961609A61D33A212007027BE /* WJPromptLabelUITests */ = {
			isa = PBXNativeTarget;
			buildConfigurationList = 961609B61D33A212007027BE /* Build configuration list for PBXNativeTarget "WJPromptLabelUITests" */;
			buildPhases = (
				961609A31D33A212007027BE /* Sources */,
				961609A41D33A212007027BE /* Frameworks */,
				961609A51D33A212007027BE /* Resources */,
			);
			buildRules = (
			);
			dependencies = (
				961609A91D33A212007027BE /* PBXTargetDependency */,
			);
			name = WJPromptLabelUITests;
			productName = WJPromptLabelUITests;
			productReference = 961609A71D33A212007027BE /* WJPromptLabelUITests.xctest */;
			productType = "com.apple.product-type.bundle.ui-testing";
		};
/* End PBXNativeTarget section */

/* Begin PBXProject section */
		9616097B1D33A211007027BE /* Project object */ = {
			isa = PBXProject;
			attributes = {
				LastUpgradeCheck = 0730;
				ORGANIZATIONNAME = HuayuNanyan;
				TargetAttributes = {
					961609821D33A211007027BE = {
						CreatedOnToolsVersion = 7.3.1;
					};
					9616099B1D33A212007027BE = {
						CreatedOnToolsVersion = 7.3.1;
						TestTargetID = 961609821D33A211007027BE;
					};
					961609A61D33A212007027BE = {
						CreatedOnToolsVersion = 7.3.1;
						TestTargetID = 961609821D33A211007027BE;
					};
				};
			};
			buildConfigurationList = 9616097E1D33A211007027BE /* Build configuration list for PBXProject "WJPromptLabel" */;
			compatibilityVersion = "Xcode 3.2";
			developmentRegion = English;
			hasScannedForEncodings = 0;
			knownRegions = (
				en,
				Base,
			);
			mainGroup = 9616097A1D33A211007027BE;
			productRefGroup = 961609841D33A211007027BE /* Products */;
			projectDirPath = "";
			projectRoot = "";
			targets = (
				961609821D33A211007027BE /* WJPromptLabel */,
				9616099B1D33A212007027BE /* WJPromptLabelTests */,
				961609A61D33A212007027BE /* WJPromptLabelUITests */,
			);
		};
/* End PBXProject section */

/* Begin PBXResourcesBuildPhase section */
		961609811D33A211007027BE /* Resources */ = {
			isa = PBXResourcesBuildPhase;
			buildActionMask = 2147483647;
			files = (
				961609961D33A211007027BE /* LaunchScreen.storyboard in Resources */,
				961609931D33A211007027BE /* Assets.xcassets in Resources */,
				961609911D33A211007027BE /* Main.storyboard in Resources */,
			);
			runOnlyForDeploymentPostprocessing = 0;
		};
		9616099A1D33A212007027BE /* Resources */ = {
			isa = PBXResourcesBuildPhase;
			buildActionMask = 2147483647;
			files = (
			);
			runOnlyForDeploymentPostprocessing = 0;
		};
		961609A51D33A212007027BE /* Resources */ = {
			isa = PBXResourcesBuildPhase;
			buildActionMask = 2147483647;
			files = (
			);
			runOnlyForDeploymentPostprocessing = 0;
		};
/* End PBXResourcesBuildPhase section */

/* Begin PBXSourcesBuildPhase section */
		9616097F1D33A211007027BE /* Sources */ = {
			isa = PBXSourcesBuildPhase;
			buildActionMask = 2147483647;
			files = (
				9616098E1D33A211007027BE /* ViewController.m in Sources */,
				961609BB1D33A231007027BE /* WJPromptLabel.m in Sources */,
				9616098B1D33A211007027BE /* AppDelegate.m in Sources */,
				961609881D33A211007027BE /* main.m in Sources */,
			);
			runOnlyForDeploymentPostprocessing = 0;
		};
		961609981D33A212007027BE /* Sources */ = {
			isa = PBXSourcesBuildPhase;
			buildActionMask = 2147483647;
			files = (
				961609A11D33A212007027BE /* WJPromptLabelTests.m in Sources */,
			);
			runOnlyForDeploymentPostprocessing = 0;
		};
		961609A31D33A212007027BE /* Sources */ = {
			isa = PBXSourcesBuildPhase;
			buildActionMask = 2147483647;
			files = (
				961609AC1D33A212007027BE /* WJPromptLabelUITests.m in Sources */,
			);
			runOnlyForDeploymentPostprocessing = 0;
		};
/* End PBXSourcesBuildPhase section */

/* Begin PBXTargetDependency section */
		9616099E1D33A212007027BE /* PBXTargetDependency */ = {
			isa = PBXTargetDependency;
			target = 961609821D33A211007027BE /* WJPromptLabel */;
			targetProxy = 9616099D1D33A212007027BE /* PBXContainerItemProxy */;
		};
		961609A91D33A212007027BE /* PBXTargetDependency */ = {
			isa = PBXTargetDependency;
			target = 961609821D33A211007027BE /* WJPromptLabel */;
			targetProxy = 961609A81D33A212007027BE /* PBXContainerItemProxy */;
		};
/* End PBXTargetDependency section */

/* Begin PBXVariantGroup section */
		9616098F1D33A211007027BE /* Main.storyboard */ = {
			isa = PBXVariantGroup;
			children = (
				961609901D33A211007027BE /* Base */,
			);
			name = Main.storyboard;
			sourceTree = "<group>";
		};
		961609941D33A211007027BE /* LaunchScreen.storyboard */ = {
			isa = PBXVariantGroup;
			children = (
				961609951D33A211007027BE /* Base */,
			);
			name = LaunchScreen.storyboard;
			sourceTree = "<group>";
		};
/* End PBXVariantGroup section */

/* Begin XCBuildConfiguration section */
		961609AE1D33A212007027BE /* Debug */ = {
			isa = XCBuildConfiguration;
			buildSettings = {
				ALWAYS_SEARCH_USER_PATHS = NO;
				CLANG_ANALYZER_NONNULL = YES;
				CLANG_CXX_LANGUAGE_STANDARD = "gnu++0x";
				CLANG_CXX_LIBRARY = "libc++";
				CLANG_ENABLE_MODULES = YES;
				CLANG_ENABLE_OBJC_ARC = YES;
				CLANG_WARN_BOOL_CONVERSION = YES;
				CLANG_WARN_CONSTANT_CONVERSION = YES;
				CLANG_WARN_DIRECT_OBJC_ISA_USAGE = YES_ERROR;
				CLANG_WARN_EMPTY_BODY = YES;
				CLANG_WARN_ENUM_CONVERSION = YES;
				CLANG_WARN_INT_CONVERSION = YES;
				CLANG_WARN_OBJC_ROOT_CLASS = YES_ERROR;
				CLANG_WARN_UNREACHABLE_CODE = YES;
				CLANG_WARN__DUPLICATE_METHOD_MATCH = YES;
				"CODE_SIGN_IDENTITY[sdk=iphoneos*]" = "iPhone Developer";
				COPY_PHASE_STRIP = NO;
				DEBUG_INFORMATION_FORMAT = dwarf;
				ENABLE_STRICT_OBJC_MSGSEND = YES;
				ENABLE_TESTABILITY = YES;
				GCC_C_LANGUAGE_STANDARD = gnu99;
				GCC_DYNAMIC_NO_PIC = NO;
				GCC_NO_COMMON_BLOCKS = YES;
				GCC_OPTIMIZATION_LEVEL = 0;
				GCC_PREPROCESSOR_DEFINITIONS = (
					"DEBUG=1",
					"$(inherited)",
				);
				GCC_WARN_64_TO_32_BIT_CONVERSION = YES;
				GCC_WARN_ABOUT_RETURN_TYPE = YES_ERROR;
				GCC_WARN_UNDECLARED_SELECTOR = YES;
				GCC_WARN_UNINITIALIZED_AUTOS = YES_AGGRESSIVE;
				GCC_WARN_UNUSED_FUNCTION = YES;
				GCC_WARN_UNUSED_VARIABLE = YES;
				IPHONEOS_DEPLOYMENT_TARGET = 9.3;
				MTL_ENABLE_DEBUG_INFO = YES;
				ONLY_ACTIVE_ARCH = YES;
				SDKROOT = iphoneos;
				TARGETED_DEVICE_FAMILY = "1,2";
			};
			name = Debug;
		};
		961609AF1D33A212007027BE /* Release */ = {
			isa = XCBuildConfiguration;
			buildSettings = {
				ALWAYS_SEARCH_USER_PATHS = NO;
				CLANG_ANALYZER_NONNULL = YES;
				CLANG_CXX_LANGUAGE_STANDARD = "gnu++0x";
				CLANG_CXX_LIBRARY = "libc++";
				CLANG_ENABLE_MODULES = YES;
				CLANG_ENABLE_OBJC_ARC = YES;
				CLANG_WARN_BOOL_CONVERSION = YES;
				CLANG_WARN_CONSTANT_CONVERSION = YES;
				CLANG_WARN_DIRECT_OBJC_ISA_USAGE = YES_ERROR;
				CLANG_WARN_EMPTY_BODY = YES;
				CLANG_WARN_ENUM_CONVERSION = YES;
				CLANG_WARN_INT_CONVERSION = YES;
				CLANG_WARN_OBJC_ROOT_CLASS = YES_ERROR;
				CLANG_WARN_UNREACHABLE_CODE = YES;
				CLANG_WARN__DUPLICATE_METHOD_MATCH = YES;
				"CODE_SIGN_IDENTITY[sdk=iphoneos*]" = "iPhone Developer";
				COPY_PHASE_STRIP = NO;
				DEBUG_INFORMATION_FORMAT = "dwarf-with-dsym";
				ENABLE_NS_ASSERTIONS = NO;
				ENABLE_STRICT_OBJC_MSGSEND = YES;
				GCC_C_LANGUAGE_STANDARD = gnu99;
				GCC_NO_COMMON_BLOCKS = YES;
				GCC_WARN_64_TO_32_BIT_CONVERSION = YES;
				GCC_WARN_ABOUT_RETURN_TYPE = YES_ERROR;
				GCC_WARN_UNDECLARED_SELECTOR = YES;
				GCC_WARN_UNINITIALIZED_AUTOS = YES_AGGRESSIVE;
				GCC_WARN_UNUSED_FUNCTION = YES;
				GCC_WARN_UNUSED_VARIABLE = YES;
				IPHONEOS_DEPLOYMENT_TARGET = 9.3;
				MTL_ENABLE_DEBUG_INFO = NO;
				SDKROOT = iphoneos;
				TARGETED_DEVICE_FAMILY = "1,2";
				VALIDATE_PRODUCT = YES;
			};
			name = Release;
		};
		961609B11D33A212007027BE /* Debug */ = {
			isa = XCBuildConfiguration;
			buildSettings = {
				ASSETCATALOG_COMPILER_APPICON_NAME = AppIcon;
				INFOPLIST_FILE = WJPromptLabel/Info.plist;
				LD_RUNPATH_SEARCH_PATHS = "$(inherited) @executable_path/Frameworks";
				PRODUCT_BUNDLE_IDENTIFIER = cn.itcast.WJPromptLabel;
				PRODUCT_NAME = "$(TARGET_NAME)";
			};
			name = Debug;
		};
		961609B21D33A212007027BE /* Release */ = {
			isa = XCBuildConfiguration;
			buildSettings = {
				ASSETCATALOG_COMPILER_APPICON_NAME = AppIcon;
				INFOPLIST_FILE = WJPromptLabel/Info.plist;
				LD_RUNPATH_SEARCH_PATHS = "$(inherited) @executable_path/Frameworks";
				PRODUCT_BUNDLE_IDENTIFIER = cn.itcast.WJPromptLabel;
				PRODUCT_NAME = "$(TARGET_NAME)";
			};
			name = Release;
		};
		961609B41D33A212007027BE /* Debug */ = {
			isa = XCBuildConfiguration;
			buildSettings = {
				BUNDLE_LOADER = "$(TEST_HOST)";
				INFOPLIST_FILE = WJPromptLabelTests/Info.plist;
				LD_RUNPATH_SEARCH_PATHS = "$(inherited) @executable_path/Frameworks @loader_path/Frameworks";
				PRODUCT_BUNDLE_IDENTIFIER = cn.itcast.WJPromptLabelTests;
				PRODUCT_NAME = "$(TARGET_NAME)";
				TEST_HOST = "$(BUILT_PRODUCTS_DIR)/WJPromptLabel.app/WJPromptLabel";
			};
			name = Debug;
		};
		961609B51D33A212007027BE /* Release */ = {
			isa = XCBuildConfiguration;
			buildSettings = {
				BUNDLE_LOADER = "$(TEST_HOST)";
				INFOPLIST_FILE = WJPromptLabelTests/Info.plist;
				LD_RUNPATH_SEARCH_PATHS = "$(inherited) @executable_path/Frameworks @loader_path/Frameworks";
				PRODUCT_BUNDLE_IDENTIFIER = cn.itcast.WJPromptLabelTests;
				PRODUCT_NAME = "$(TARGET_NAME)";
				TEST_HOST = "$(BUILT_PRODUCTS_DIR)/WJPromptLabel.app/WJPromptLabel";
			};
			name = Release;
		};
		961609B71D33A212007027BE /* Debug */ = {
			isa = XCBuildConfiguration;
			buildSettings = {
				INFOPLIST_FILE = WJPromptLabelUITests/Info.plist;
				LD_RUNPATH_SEARCH_PATHS = "$(inherited) @executable_path/Frameworks @loader_path/Frameworks";
				PRODUCT_BUNDLE_IDENTIFIER = cn.itcast.WJPromptLabelUITests;
				PRODUCT_NAME = "$(TARGET_NAME)";
				TEST_TARGET_NAME = WJPromptLabel;
			};
			name = Debug;
		};
		961609B81D33A212007027BE /* Release */ = {
			isa = XCBuildConfiguration;
			buildSettings = {
				INFOPLIST_FILE = WJPromptLabelUITests/Info.plist;
				LD_RUNPATH_SEARCH_PATHS = "$(inherited) @executable_path/Frameworks @loader_path/Frameworks";
				PRODUCT_BUNDLE_IDENTIFIER = cn.itcast.WJPromptLabelUITests;
				PRODUCT_NAME = "$(TARGET_NAME)";
				TEST_TARGET_NAME = WJPromptLabel;
			};
			name = Release;
		};
/* End XCBuildConfiguration section */

/* Begin XCConfigurationList section */
		9616097E1D33A211007027BE /* Build configuration list for PBXProject "WJPromptLabel" */ = {
			isa = XCConfigurationList;
			buildConfigurations = (
				961609AE1D33A212007027BE /* Debug */,
				961609AF1D33A212007027BE /* Release */,
			);
			defaultConfigurationIsVisible = 0;
			defaultConfigurationName = Release;
		};
		961609B01D33A212007027BE /* Build configuration list for PBXNativeTarget "WJPromptLabel" */ = {
			isa = XCConfigurationList;
			buildConfigurations = (
				961609B11D33A212007027BE /* Debug */,
				961609B21D33A212007027BE /* Release */,
			);
			defaultConfigurationIsVisible = 0;
		};
		961609B31D33A212007027BE /* Build configuration list for PBXNativeTarget "WJPromptLabelTests" */ = {
			isa = XCConfigurationList;
			buildConfigurations = (
				961609B41D33A212007027BE /* Debug */,
				961609B51D33A212007027BE /* Release */,
			);
			defaultConfigurationIsVisible = 0;
		};
		961609B61D33A212007027BE /* Build configuration list for PBXNativeTarget "WJPromptLabelUITests" */ = {
			isa = XCConfigurationList;
			buildConfigurations = (
				961609B71D33A212007027BE /* Debug */,
				961609B81D33A212007027BE /* Release */,
			);
			defaultConfigurationIsVisible = 0;
		};
/* End XCConfigurationList section */
	};
	rootObject = 9616097B1D33A211007027BE /* Project object */;
}
